
Microsoft Visual Studio Solution File, Format Version 12.00
# Visual Studio 15
VisualStudioVersion = 15.0.27130.2027
MinimumVisualStudioVersion = 10.0.40219.1
Project("{FAE04EC0-301F-11D3-BF4B-00C04F79EFBC}") = "MessengerServer", "MessengerServer\MessengerServer.csproj", "{1A8E35FD-F47F-484C-BA84-40B52671F672}"
EndProject
Global
	GlobalSection(SolutionConfigurationPlatforms) = preSolution
		Debug|Any CPU = Debug|Any CPU
		Release|Any CPU = Release|Any CPU
	EndGlobalSection
	GlobalSection(ProjectConfigurationPlatforms) = postSolution
		{1A8E35FD-F47F-484C-BA84-40B52671F672}.Debug|Any CPU.ActiveCfg = Debug|Any CPU
		{1A8E35FD-F47F-484C-BA84-40B52671F672}.Debug|Any CPU.Build.0 = Debug|Any CPU
		{1A8E35FD-F47F-484C-BA84-40B52671F672}.Release|Any CPU.ActiveCfg = Release|Any CPU
		{1A8E35FD-F47F-484C-BA84-40B52671F672}.Release|Any CPU.Build.0 = Release|Any CPU
	EndGlobalSection
	GlobalSection(SolutionProperties) = preSolution
		HideSolutionNode = FALSE
	EndGlobalSection
	GlobalSection(ExtensibilityGlobals) = postSolution
		SolutionGuid = {40F84171-6F85-4703-83CF-360BA55FD0F3}
	EndGlobalSection
EndGlobal
